
Microsoft Visual Studio Solution File, Format Version 12.00
# Visual Studio 15
VisualStudioVersion = 15.0.27004.2005
MinimumVisualStudioVersion = 10.0.40219.1
Project("{FAE04EC0-301F-11D3-BF4B-00C04F79EFBC}") = "Angular2Demo", "Angular2Demo\Angular2Demo.csproj", "{EC9187A3-6CAB-4C78-B5FB-61E2D1BDF41E}"
EndProject
Project("{E53339B2-1760-4266-BCC7-CA923CBCF16C}") = "docker-compose", "docker-compose.dcproj", "{21688068-EF78-4732-BDF9-EC250740364B}"
EndProject
Global
	GlobalSection(SolutionConfigurationPlatforms) = preSolution
		Debug|Any CPU = Debug|Any CPU
		Release|Any CPU = Release|Any CPU
	EndGlobalSection
	GlobalSection(ProjectConfigurationPlatforms) = postSolution
		{EC9187A3-6CAB-4C78-B5FB-61E2D1BDF41E}.Debug|Any CPU.ActiveCfg = Debug|Any CPU
		{EC9187A3-6CAB-4C78-B5FB-61E2D1BDF41E}.Debug|Any CPU.Build.0 = Debug|Any CPU
		{EC9187A3-6CAB-4C78-B5FB-61E2D1BDF41E}.Release|Any CPU.ActiveCfg = Release|Any CPU
		{EC9187A3-6CAB-4C78-B5FB-61E2D1BDF41E}.Release|Any CPU.Build.0 = Release|Any CPU
		{21688068-EF78-4732-BDF9-EC250740364B}.Debug|Any CPU.ActiveCfg = Debug|Any CPU
		{21688068-EF78-4732-BDF9-EC250740364B}.Debug|Any CPU.Build.0 = Debug|Any CPU
		{21688068-EF78-4732-BDF9-EC250740364B}.Release|Any CPU.ActiveCfg = Release|Any CPU
		{21688068-EF78-4732-BDF9-EC250740364B}.Release|Any CPU.Build.0 = Release|Any CPU
	EndGlobalSection
	GlobalSection(SolutionProperties) = preSolution
		HideSolutionNode = FALSE
	EndGlobalSection
	GlobalSection(ExtensibilityGlobals) = postSolution
		SolutionGuid = {8DB42670-CFC2-4AF2-A756-DEE6F2892EE2}
	EndGlobalSection
EndGlobal
